
Microsoft Visual Studio Solution File, Format Version 12.00
# Visual Studio Version 17
VisualStudioVersion = 17.1.32328.378
MinimumVisualStudioVersion = 10.0.40219.1
Project("{FAE04EC0-301F-11D3-BF4B-00C04F79EFBC}") = "1priklad_Lekce_17_18_OOP", "1priklad_Lekce_17_18_OOP\1priklad_Lekce_17_18_OOP.csproj", "{6ABB514A-617D-4644-A7AC-1E474F46FB38}"
EndProject
Global
	GlobalSection(SolutionConfigurationPlatforms) = preSolution
		Debug|Any CPU = Debug|Any CPU
		Release|Any CPU = Release|Any CPU
	EndGlobalSection
	GlobalSection(ProjectConfigurationPlatforms) = postSolution
		{6ABB514A-617D-4644-A7AC-1E474F46FB38}.Debug|Any CPU.ActiveCfg = Debug|Any CPU
		{6ABB514A-617D-4644-A7AC-1E474F46FB38}.Debug|Any CPU.Build.0 = Debug|Any CPU
		{6ABB514A-617D-4644-A7AC-1E474F46FB38}.Release|Any CPU.ActiveCfg = Release|Any CPU
		{6ABB514A-617D-4644-A7AC-1E474F46FB38}.Release|Any CPU.Build.0 = Release|Any CPU
	EndGlobalSection
	GlobalSection(SolutionProperties) = preSolution
		HideSolutionNode = FALSE
	EndGlobalSection
	GlobalSection(ExtensibilityGlobals) = postSolution
		SolutionGuid = {C3E545A4-23E6-4CF2-85B3-A1E38148C7F3}
	EndGlobalSection
EndGlobal
